
Microsoft Visual Studio Solution File, Format Version 12.00
# Visual Studio Version 17
VisualStudioVersion = 17.0.32112.339
MinimumVisualStudioVersion = 10.0.40219.1
Project("{2150E333-8FDC-42A3-9474-1A3956D46DE8}") = "src", "src", "{FEA950CF-4483-4CDE-85E3-C139654F6A6F}"
EndProject
Project("{2150E333-8FDC-42A3-9474-1A3956D46DE8}") = "Framework", "Framework", "{E583E558-953F-4C0A-9CCC-54E3677668ED}"
EndProject
Project("{2150E333-8FDC-42A3-9474-1A3956D46DE8}") = "01-Domain", "01-Domain", "{139A64DF-5D2C-4472-967C-3639DCCC3435}"
EndProject
Project("{2150E333-8FDC-42A3-9474-1A3956D46DE8}") = "02-EndPoints", "02-EndPoints", "{6C7F18B0-A112-4976-A851-EAC648164686}"
EndProject
Project("{2150E333-8FDC-42A3-9474-1A3956D46DE8}") = "03-Infrastructures", "03-Infrastructures", "{BD1C5775-A87A-4002-AA49-8ADC1E6C29B1}"
EndProject
Project("{2150E333-8FDC-42A3-9474-1A3956D46DE8}") = "Core", "Core", "{721CFAF3-EDD6-4BBD-88A5-A392D95C1F6A}"
EndProject
Project("{2150E333-8FDC-42A3-9474-1A3956D46DE8}") = "Services", "Services", "{E59C05CC-1C38-4AA3-9817-CD8AE057F9AD}"
EndProject
Project("{FAE04EC0-301F-11D3-BF4B-00C04F79EFBC}") = "App.Domain.Core", "App.Domain.Core\App.Domain.Core.csproj", "{1108C3DE-2D73-4C2F-BCD0-C0AEC45F03D0}"
EndProject
Project("{FAE04EC0-301F-11D3-BF4B-00C04F79EFBC}") = "App.EndPoint.UI.Console", "App.EndPoint.UI.Console\App.EndPoint.UI.Console.csproj", "{54971991-73C0-4F2E-A1B2-DAC369E33510}"
EndProject
Project("{FAE04EC0-301F-11D3-BF4B-00C04F79EFBC}") = "App.Infra.Data.File", "App.Infra.Data.File\App.Infra.Data.File.csproj", "{4900A37A-C360-4B5E-B603-4220D135AF7E}"
EndProject
Project("{FAE04EC0-301F-11D3-BF4B-00C04F79EFBC}") = "GolestanFramework", "GolestanFramework\GolestanFramework.csproj", "{C05F1F4F-9C5D-4A0C-A640-7AC589C1012B}"
EndProject
Global
	GlobalSection(SolutionConfigurationPlatforms) = preSolution
		Debug|Any CPU = Debug|Any CPU
		Release|Any CPU = Release|Any CPU
	EndGlobalSection
	GlobalSection(ProjectConfigurationPlatforms) = postSolution
		{1108C3DE-2D73-4C2F-BCD0-C0AEC45F03D0}.Debug|Any CPU.ActiveCfg = Debug|Any CPU
		{1108C3DE-2D73-4C2F-BCD0-C0AEC45F03D0}.Debug|Any CPU.Build.0 = Debug|Any CPU
		{1108C3DE-2D73-4C2F-BCD0-C0AEC45F03D0}.Release|Any CPU.ActiveCfg = Release|Any CPU
		{1108C3DE-2D73-4C2F-BCD0-C0AEC45F03D0}.Release|Any CPU.Build.0 = Release|Any CPU
		{54971991-73C0-4F2E-A1B2-DAC369E33510}.Debug|Any CPU.ActiveCfg = Debug|Any CPU
		{54971991-73C0-4F2E-A1B2-DAC369E33510}.Debug|Any CPU.Build.0 = Debug|Any CPU
		{54971991-73C0-4F2E-A1B2-DAC369E33510}.Release|Any CPU.ActiveCfg = Release|Any CPU
		{54971991-73C0-4F2E-A1B2-DAC369E33510}.Release|Any CPU.Build.0 = Release|Any CPU
		{4900A37A-C360-4B5E-B603-4220D135AF7E}.Debug|Any CPU.ActiveCfg = Debug|Any CPU
		{4900A37A-C360-4B5E-B603-4220D135AF7E}.Debug|Any CPU.Build.0 = Debug|Any CPU
		{4900A37A-C360-4B5E-B603-4220D135AF7E}.Release|Any CPU.ActiveCfg = Release|Any CPU
		{4900A37A-C360-4B5E-B603-4220D135AF7E}.Release|Any CPU.Build.0 = Release|Any CPU
		{C05F1F4F-9C5D-4A0C-A640-7AC589C1012B}.Debug|Any CPU.ActiveCfg = Debug|Any CPU
		{C05F1F4F-9C5D-4A0C-A640-7AC589C1012B}.Debug|Any CPU.Build.0 = Debug|Any CPU
		{C05F1F4F-9C5D-4A0C-A640-7AC589C1012B}.Release|Any CPU.ActiveCfg = Release|Any CPU
		{C05F1F4F-9C5D-4A0C-A640-7AC589C1012B}.Release|Any CPU.Build.0 = Release|Any CPU
	EndGlobalSection
	GlobalSection(SolutionProperties) = preSolution
		HideSolutionNode = FALSE
	EndGlobalSection
	GlobalSection(NestedProjects) = preSolution
		{139A64DF-5D2C-4472-967C-3639DCCC3435} = {FEA950CF-4483-4CDE-85E3-C139654F6A6F}
		{6C7F18B0-A112-4976-A851-EAC648164686} = {FEA950CF-4483-4CDE-85E3-C139654F6A6F}
		{BD1C5775-A87A-4002-AA49-8ADC1E6C29B1} = {FEA950CF-4483-4CDE-85E3-C139654F6A6F}
		{721CFAF3-EDD6-4BBD-88A5-A392D95C1F6A} = {139A64DF-5D2C-4472-967C-3639DCCC3435}
		{E59C05CC-1C38-4AA3-9817-CD8AE057F9AD} = {139A64DF-5D2C-4472-967C-3639DCCC3435}
		{1108C3DE-2D73-4C2F-BCD0-C0AEC45F03D0} = {721CFAF3-EDD6-4BBD-88A5-A392D95C1F6A}
		{54971991-73C0-4F2E-A1B2-DAC369E33510} = {6C7F18B0-A112-4976-A851-EAC648164686}
		{4900A37A-C360-4B5E-B603-4220D135AF7E} = {BD1C5775-A87A-4002-AA49-8ADC1E6C29B1}
		{C05F1F4F-9C5D-4A0C-A640-7AC589C1012B} = {E583E558-953F-4C0A-9CCC-54E3677668ED}
	EndGlobalSection
	GlobalSection(ExtensibilityGlobals) = postSolution
		SolutionGuid = {50C3856D-796E-4438-A030-D2905A5BFC8D}
	EndGlobalSection
EndGlobal
